
Microsoft Visual Studio Solution File, Format Version 12.00
Project("{FAE04EC0-301F-11D3-BF4B-00C04F79EFBC}") = "BerechnungVonBruttopreisen", "BerechnungVonBruttopreisen\BerechnungVonBruttopreisen.csproj", "{0BC970E7-4DAB-428C-B4B7-69B9BF09C57B}"
EndProject
Global
	GlobalSection(SolutionConfigurationPlatforms) = preSolution
		Debug|Any CPU = Debug|Any CPU
		Release|Any CPU = Release|Any CPU
	EndGlobalSection
	GlobalSection(ProjectConfigurationPlatforms) = postSolution
		{0BC970E7-4DAB-428C-B4B7-69B9BF09C57B}.Debug|Any CPU.ActiveCfg = Debug|Any CPU
		{0BC970E7-4DAB-428C-B4B7-69B9BF09C57B}.Debug|Any CPU.Build.0 = Debug|Any CPU
		{0BC970E7-4DAB-428C-B4B7-69B9BF09C57B}.Release|Any CPU.ActiveCfg = Release|Any CPU
		{0BC970E7-4DAB-428C-B4B7-69B9BF09C57B}.Release|Any CPU.Build.0 = Release|Any CPU
	EndGlobalSection
EndGlobal
